
Microsoft Visual Studio Solution File, Format Version 12.00
# Visual Studio Version 16
VisualStudioVersion = 16.0.29306.81
MinimumVisualStudioVersion = 10.0.40219.1
Project("{FAE04EC0-301F-11D3-BF4B-00C04F79EFBC}") = "WetonJawa", "WetonJawa.csproj", "{C37A05BC-A4E1-49B6-957E-80C103DEEDF8}"
EndProject
Global
	GlobalSection(SolutionConfigurationPlatforms) = preSolution
		Debug|Any CPU = Debug|Any CPU
		Release|Any CPU = Release|Any CPU
	EndGlobalSection
	GlobalSection(ProjectConfigurationPlatforms) = postSolution
		{C37A05BC-A4E1-49B6-957E-80C103DEEDF8}.Debug|Any CPU.ActiveCfg = Debug|Any CPU
		{C37A05BC-A4E1-49B6-957E-80C103DEEDF8}.Debug|Any CPU.Build.0 = Debug|Any CPU
		{C37A05BC-A4E1-49B6-957E-80C103DEEDF8}.Release|Any CPU.ActiveCfg = Release|Any CPU
		{C37A05BC-A4E1-49B6-957E-80C103DEEDF8}.Release|Any CPU.Build.0 = Release|Any CPU
	EndGlobalSection
	GlobalSection(SolutionProperties) = preSolution
		HideSolutionNode = FALSE
	EndGlobalSection
	GlobalSection(ExtensibilityGlobals) = postSolution
		SolutionGuid = {20D05BFB-A2FF-4247-A85F-F72491E396BA}
	EndGlobalSection
EndGlobal
